// !$*UTF8*$!
{
	archiveVersion = 1;
	classes = {
	};
	objectVersion = 50;
	objects = {

/* Begin PBXBuildFile section */
		15E458AD20AC30C3000B55C1 /* AppDelegate.swift in Sources */ = {isa = PBXBuildFile; fileRef = 15E458AC20AC30C3000B55C1 /* AppDelegate.swift */; };
		15E458AF20AC30C3000B55C1 /* ViewController.swift in Sources */ = {isa = PBXBuildFile; fileRef = 15E458AE20AC30C3000B55C1 /* ViewController.swift */; };
		15E458B220AC30C3000B55C1 /* Main.storyboard in Resources */ = {isa = PBXBuildFile; fileRef = 15E458B020AC30C3000B55C1 /* Main.storyboard */; };
		15E458B420AC30C4000B55C1 /* Assets.xcassets in Resources */ = {isa = PBXBuildFile; fileRef = 15E458B320AC30C4000B55C1 /* Assets.xcassets */; };
		15E458B720AC30C4000B55C1 /* LaunchScreen.storyboard in Resources */ = {isa = PBXBuildFile; fileRef = 15E458B520AC30C4000B55C1 /* LaunchScreen.storyboard */; };
		15E458C220AC30C4000B55C1 /* triviaTests.swift in Sources */ = {isa = PBXBuildFile; fileRef = 15E458C120AC30C4000B55C1 /* triviaTests.swift */; };
		15E458CD20AC30C4000B55C1 /* triviaUITests.swift in Sources */ = {isa = PBXBuildFile; fileRef = 15E458CC20AC30C4000B55C1 /* triviaUITests.swift */; };
/* End PBXBuildFile section */

/* Begin PBXContainerItemProxy section */
		15E458BE20AC30C4000B55C1 /* PBXContainerItemProxy */ = {
			isa = PBXContainerItemProxy;
			containerPortal = 15E458A120AC30C2000B55C1 /* Project object */;
			proxyType = 1;
			remoteGlobalIDString = 15E458A820AC30C2000B55C1;
			remoteInfo = trivia;
		};
		15E458C920AC30C4000B55C1 /* PBXContainerItemProxy */ = {
			isa = PBXContainerItemProxy;
			containerPortal = 15E458A120AC30C2000B55C1 /* Project object */;
			proxyType = 1;
			remoteGlobalIDString = 15E458A820AC30C2000B55C1;
			remoteInfo = trivia;
		};
/* End PBXContainerItemProxy section */

/* Begin PBXFileReference section */
		15E458A920AC30C2000B55C1 /* trivia.app */ = {isa = PBXFileReference; explicitFileType = wrapper.application; includeInIndex = 0; path = trivia.app; sourceTree = BUILT_PRODUCTS_DIR; };
		15E458AC20AC30C3000B55C1 /* AppDelegate.swift */ = {isa = PBXFileReference; lastKnownFileType = sourcecode.swift; path = AppDelegate.swift; sourceTree = "<group>"; };
		15E458AE20AC30C3000B55C1 /* ViewController.swift */ = {isa = PBXFileReference; lastKnownFileType = sourcecode.swift; path = ViewController.swift; sourceTree = "<group>"; };
		15E458B120AC30C3000B55C1 /* Base */ = {isa = PBXFileReference; lastKnownFileType = file.storyboard; name = Base; path = Base.lproj/Main.storyboard; sourceTree = "<group>"; };
		15E458B320AC30C4000B55C1 /* Assets.xcassets */ = {isa = PBXFileReference; lastKnownFileType = folder.assetcatalog; path = Assets.xcassets; sourceTree = "<group>"; };
		15E458B620AC30C4000B55C1 /* Base */ = {isa = PBXFileReference; lastKnownFileType = file.storyboard; name = Base; path = Base.lproj/LaunchScreen.storyboard; sourceTree = "<group>"; };
		15E458B820AC30C4000B55C1 /* Info.plist */ = {isa = PBXFileReference; lastKnownFileType = text.plist.xml; path = Info.plist; sourceTree = "<group>"; };
		15E458BD20AC30C4000B55C1 /* triviaTests.xctest */ = {isa = PBXFileReference; explicitFileType = wrapper.cfbundle; includeInIndex = 0; path = triviaTests.xctest; sourceTree = BUILT_PRODUCTS_DIR; };
		15E458C120AC30C4000B55C1 /* triviaTests.swift */ = {isa = PBXFileReference; lastKnownFileType = sourcecode.swift; path = triviaTests.swift; sourceTree = "<group>"; };
		15E458C320AC30C4000B55C1 /* Info.plist */ = {isa = PBXFileReference; lastKnownFileType = text.plist.xml; path = Info.plist; sourceTree = "<group>"; };
		15E458C820AC30C4000B55C1 /* triviaUITests.xctest */ = {isa = PBXFileReference; explicitFileType = wrapper.cfbundle; includeInIndex = 0; path = triviaUITests.xctest; sourceTree = BUILT_PRODUCTS_DIR; };
		15E458CC20AC30C4000B55C1 /* triviaUITests.swift */ = {isa = PBXFileReference; lastKnownFileType = sourcecode.swift; path = triviaUITests.swift; sourceTree = "<group>"; };
		15E458CE20AC30C4000B55C1 /* Info.plist */ = {isa = PBXFileReference; lastKnownFileType = text.plist.xml; path = Info.plist; sourceTree = "<group>"; };
/* End PBXFileReference section */

/* Begin PBXFrameworksBuildPhase section */
		15E458A620AC30C2000B55C1 /* Frameworks */ = {
			isa = PBXFrameworksBuildPhase;
			buildActionMask = 2147483647;
			files = (
			);
			runOnlyForDeploymentPostprocessing = 0;
		};
		15E458BA20AC30C4000B55C1 /* Frameworks */ = {
			isa = PBXFrameworksBuildPhase;
			buildActionMask = 2147483647;
			files = (
			);
			runOnlyForDeploymentPostprocessing = 0;
		};
		15E458C520AC30C4000B55C1 /* Frameworks */ = {
			isa = PBXFrameworksBuildPhase;
			buildActionMask = 2147483647;
			files = (
			);
			runOnlyForDeploymentPostprocessing = 0;
		};
/* End PBXFrameworksBuildPhase section */

/* Begin PBXGroup section */
		15E458A020AC30C2000B55C1 = {
			isa = PBXGroup;
			children = (
				15E458AB20AC30C2000B55C1 /* trivia */,
				15E458C020AC30C4000B55C1 /* triviaTests */,
				15E458CB20AC30C4000B55C1 /* triviaUITests */,
				15E458AA20AC30C2000B55C1 /* Products */,
			);
			sourceTree = "<group>";
		};
		15E458AA20AC30C2000B55C1 /* Products */ = {
			isa = PBXGroup;
			children = (
				15E458A920AC30C2000B55C1 /* trivia.app */,
				15E458BD20AC30C4000B55C1 /* triviaTests.xctest */,
				15E458C820AC30C4000B55C1 /* triviaUITests.xctest */,
			);
			name = Products;
			sourceTree = "<group>";
		};
		15E458AB20AC30C2000B55C1 /* trivia */ = {
			isa = PBXGroup;
			children = (
				15E458AC20AC30C3000B55C1 /* AppDelegate.swift */,
				15E458AE20AC30C3000B55C1 /* ViewController.swift */,
				15E458B020AC30C3000B55C1 /* Main.storyboard */,
				15E458B320AC30C4000B55C1 /* Assets.xcassets */,
				15E458B520AC30C4000B55C1 /* LaunchScreen.storyboard */,
				15E458B820AC30C4000B55C1 /* Info.plist */,
			);
			path = trivia;
			sourceTree = "<group>";
		};
		15E458C020AC30C4000B55C1 /* triviaTests */ = {
			isa = PBXGroup;
			children = (
				15E458C120AC30C4000B55C1 /* triviaTests.swift */,
				15E458C320AC30C4000B55C1 /* Info.plist */,
			);
			path = triviaTests;
			sourceTree = "<group>";
		};
		15E458CB20AC30C4000B55C1 /* triviaUITests */ = {
			isa = PBXGroup;
			children = (
				15E458CC20AC30C4000B55C1 /* triviaUITests.swift */,
				15E458CE20AC30C4000B55C1 /* Info.plist */,
			);
			path = triviaUITests;
			sourceTree = "<group>";
		};
/* End PBXGroup section */

/* Begin PBXNativeTarget section */
		15E458A820AC30C2000B55C1 /* trivia */ = {
			isa = PBXNativeTarget;
			buildConfigurationList = 15E458D120AC30C4000B55C1 /* Build configuration list for PBXNativeTarget "trivia" */;
			buildPhases = (
				15E458A520AC30C2000B55C1 /* Sources */,
				15E458A620AC30C2000B55C1 /* Frameworks */,
				15E458A720AC30C2000B55C1 /* Resources */,
			);
			buildRules = (
			);
			dependencies = (
			);
			name = trivia;
			productName = trivia;
			productReference = 15E458A920AC30C2000B55C1 /* trivia.app */;
			productType = "com.apple.product-type.application";
		};
		15E458BC20AC30C4000B55C1 /* triviaTests */ = {
			isa = PBXNativeTarget;
			buildConfigurationList = 15E458D420AC30C4000B55C1 /* Build configuration list for PBXNativeTarget "triviaTests" */;
			buildPhases = (
				15E458B920AC30C4000B55C1 /* Sources */,
				15E458BA20AC30C4000B55C1 /* Frameworks */,
				15E458BB20AC30C4000B55C1 /* Resources */,
			);
			buildRules = (
			);
			dependencies = (
				15E458BF20AC30C4000B55C1 /* PBXTargetDependency */,
			);
			name = triviaTests;
			productName = triviaTests;
			productReference = 15E458BD20AC30C4000B55C1 /* triviaTests.xctest */;
			productType = "com.apple.product-type.bundle.unit-test";
		};
		15E458C720AC30C4000B55C1 /* triviaUITests */ = {
			isa = PBXNativeTarget;
			buildConfigurationList = 15E458D720AC30C4000B55C1 /* Build configuration list for PBXNativeTarget "triviaUITests" */;
			buildPhases = (
				15E458C420AC30C4000B55C1 /* Sources */,
				15E458C520AC30C4000B55C1 /* Frameworks */,
				15E458C620AC30C4000B55C1 /* Resources */,
			);
			buildRules = (
			);
			dependencies = (
				15E458CA20AC30C4000B55C1 /* PBXTargetDependency */,
			);
			name = triviaUITests;
			productName = triviaUITests;
			productReference = 15E458C820AC30C4000B55C1 /* triviaUITests.xctest */;
			productType = "com.apple.product-type.bundle.ui-testing";
		};
/* End PBXNativeTarget section */

/* Begin PBXProject section */
		15E458A120AC30C2000B55C1 /* Project object */ = {
			isa = PBXProject;
			attributes = {
				LastSwiftUpdateCheck = 0930;
				LastUpgradeCheck = 0930;
				ORGANIZATIONNAME = "Philine Wairata";
				TargetAttributes = {
					15E458A820AC30C2000B55C1 = {
						CreatedOnToolsVersion = 9.3.1;
					};
					15E458BC20AC30C4000B55C1 = {
						CreatedOnToolsVersion = 9.3.1;
						TestTargetID = 15E458A820AC30C2000B55C1;
					};
					15E458C720AC30C4000B55C1 = {
						CreatedOnToolsVersion = 9.3.1;
						TestTargetID = 15E458A820AC30C2000B55C1;
					};
				};
			};
			buildConfigurationList = 15E458A420AC30C2000B55C1 /* Build configuration list for PBXProject "trivia" */;
			compatibilityVersion = "Xcode 9.3";
			developmentRegion = en;
			hasScannedForEncodings = 0;
			knownRegions = (
				en,
				Base,
			);
			mainGroup = 15E458A020AC30C2000B55C1;
			productRefGroup = 15E458AA20AC30C2000B55C1 /* Products */;
			projectDirPath = "";
			projectRoot = "";
			targets = (
				15E458A820AC30C2000B55C1 /* trivia */,
				15E458BC20AC30C4000B55C1 /* triviaTests */,
				15E458C720AC30C4000B55C1 /* triviaUITests */,
			);
		};
/* End PBXProject section */

/* Begin PBXResourcesBuildPhase section */
		15E458A720AC30C2000B55C1 /* Resources */ = {
			isa = PBXResourcesBuildPhase;
			buildActionMask = 2147483647;
			files = (
				15E458B720AC30C4000B55C1 /* LaunchScreen.storyboard in Resources */,
				15E458B420AC30C4000B55C1 /* Assets.xcassets in Resources */,
				15E458B220AC30C3000B55C1 /* Main.storyboard in Resources */,
			);
			runOnlyForDeploymentPostprocessing = 0;
		};
		15E458BB20AC30C4000B55C1 /* Resources */ = {
			isa = PBXResourcesBuildPhase;
			buildActionMask = 2147483647;
			files = (
			);
			runOnlyForDeploymentPostprocessing = 0;
		};
		15E458C620AC30C4000B55C1 /* Resources */ = {
			isa = PBXResourcesBuildPhase;
			buildActionMask = 2147483647;
			files = (
			);
			runOnlyForDeploymentPostprocessing = 0;
		};
/* End PBXResourcesBuildPhase section */

/* Begin PBXSourcesBuildPhase section */
		15E458A520AC30C2000B55C1 /* Sources */ = {
			isa = PBXSourcesBuildPhase;
			buildActionMask = 2147483647;
			files = (
				15E458AF20AC30C3000B55C1 /* ViewController.swift in Sources */,
				15E458AD20AC30C3000B55C1 /* AppDelegate.swift in Sources */,
			);
			runOnlyForDeploymentPostprocessing = 0;
		};
		15E458B920AC30C4000B55C1 /* Sources */ = {
			isa = PBXSourcesBuildPhase;
			buildActionMask = 2147483647;
			files = (
				15E458C220AC30C4000B55C1 /* triviaTests.swift in Sources */,
			);
			runOnlyForDeploymentPostprocessing = 0;
		};
		15E458C420AC30C4000B55C1 /* Sources */ = {
			isa = PBXSourcesBuildPhase;
			buildActionMask = 2147483647;
			files = (
				15E458CD20AC30C4000B55C1 /* triviaUITests.swift in Sources */,
			);
			runOnlyForDeploymentPostprocessing = 0;
		};
/* End PBXSourcesBuildPhase section */

/* Begin PBXTargetDependency section */
		15E458BF20AC30C4000B55C1 /* PBXTargetDependency */ = {
			isa = PBXTargetDependency;
			target = 15E458A820AC30C2000B55C1 /* trivia */;
			targetProxy = 15E458BE20AC30C4000B55C1 /* PBXContainerItemProxy */;
		};
		15E458CA20AC30C4000B55C1 /* PBXTargetDependency */ = {
			isa = PBXTargetDependency;
			target = 15E458A820AC30C2000B55C1 /* trivia */;
			targetProxy = 15E458C920AC30C4000B55C1 /* PBXContainerItemProxy */;
		};
/* End PBXTargetDependency section */

/* Begin PBXVariantGroup section */
		15E458B020AC30C3000B55C1 /* Main.storyboard */ = {
			isa = PBXVariantGroup;
			children = (
				15E458B120AC30C3000B55C1 /* Base */,
			);
			name = Main.storyboard;
			sourceTree = "<group>";
		};
		15E458B520AC30C4000B55C1 /* LaunchScreen.storyboard */ = {
			isa = PBXVariantGroup;
			children = (
				15E458B620AC30C4000B55C1 /* Base */,
			);
			name = LaunchScreen.storyboard;
			sourceTree = "<group>";
		};
/* End PBXVariantGroup section */

/* Begin XCBuildConfiguration section */
		15E458CF20AC30C4000B55C1 /* Debug */ = {
			isa = XCBuildConfiguration;
			buildSettings = {
				ALWAYS_SEARCH_USER_PATHS = NO;
				CLANG_ANALYZER_NONNULL = YES;
				CLANG_ANALYZER_NUMBER_OBJECT_CONVERSION = YES_AGGRESSIVE;
				CLANG_CXX_LANGUAGE_STANDARD = "gnu++14";
				CLANG_CXX_LIBRARY = "libc++";
				CLANG_ENABLE_MODULES = YES;
				CLANG_ENABLE_OBJC_ARC = YES;
				CLANG_ENABLE_OBJC_WEAK = YES;
				CLANG_WARN_BLOCK_CAPTURE_AUTORELEASING = YES;
				CLANG_WARN_BOOL_CONVERSION = YES;
				CLANG_WARN_COMMA = YES;
				CLANG_WARN_CONSTANT_CONVERSION = YES;
				CLANG_WARN_DEPRECATED_OBJC_IMPLEMENTATIONS = YES;
				CLANG_WARN_DIRECT_OBJC_ISA_USAGE = YES_ERROR;
				CLANG_WARN_DOCUMENTATION_COMMENTS = YES;
				CLANG_WARN_EMPTY_BODY = YES;
				CLANG_WARN_ENUM_CONVERSION = YES;
				CLANG_WARN_INFINITE_RECURSION = YES;
				CLANG_WARN_INT_CONVERSION = YES;
				CLANG_WARN_NON_LITERAL_NULL_CONVERSION = YES;
				CLANG_WARN_OBJC_IMPLICIT_RETAIN_SELF = YES;
				CLANG_WARN_OBJC_LITERAL_CONVERSION = YES;
				CLANG_WARN_OBJC_ROOT_CLASS = YES_ERROR;
				CLANG_WARN_RANGE_LOOP_ANALYSIS = YES;
				CLANG_WARN_STRICT_PROTOTYPES = YES;
				CLANG_WARN_SUSPICIOUS_MOVE = YES;
				CLANG_WARN_UNGUARDED_AVAILABILITY = YES_AGGRESSIVE;
				CLANG_WARN_UNREACHABLE_CODE = YES;
				CLANG_WARN__DUPLICATE_METHOD_MATCH = YES;
				CODE_SIGN_IDENTITY = "iPhone Developer";
				COPY_PHASE_STRIP = NO;
				DEBUG_INFORMATION_FORMAT = dwarf;
				ENABLE_STRICT_OBJC_MSGSEND = YES;
				ENABLE_TESTABILITY = YES;
				GCC_C_LANGUAGE_STANDARD = gnu11;
				GCC_DYNAMIC_NO_PIC = NO;
				GCC_NO_COMMON_BLOCKS = YES;
				GCC_OPTIMIZATION_LEVEL = 0;
				GCC_PREPROCESSOR_DEFINITIONS = (
					"DEBUG=1",
					"$(inherited)",
				);
				GCC_WARN_64_TO_32_BIT_CONVERSION = YES;
				GCC_WARN_ABOUT_RETURN_TYPE = YES_ERROR;
				GCC_WARN_UNDECLARED_SELECTOR = YES;
				GCC_WARN_UNINITIALIZED_AUTOS = YES_AGGRESSIVE;
				GCC_WARN_UNUSED_FUNCTION = YES;
				GCC_WARN_UNUSED_VARIABLE = YES;
				IPHONEOS_DEPLOYMENT_TARGET = 11.3;
				MTL_ENABLE_DEBUG_INFO = YES;
				ONLY_ACTIVE_ARCH = YES;
				SDKROOT = iphoneos;
				SWIFT_ACTIVE_COMPILATION_CONDITIONS = DEBUG;
				SWIFT_OPTIMIZATION_LEVEL = "-Onone";
			};
			name = Debug;
		};
		15E458D020AC30C4000B55C1 /* Release */ = {
			isa = XCBuildConfiguration;
			buildSettings = {
				ALWAYS_SEARCH_USER_PATHS = NO;
				CLANG_ANALYZER_NONNULL = YES;
				CLANG_ANALYZER_NUMBER_OBJECT_CONVERSION = YES_AGGRESSIVE;
				CLANG_CXX_LANGUAGE_STANDARD = "gnu++14";
				CLANG_CXX_LIBRARY = "libc++";
				CLANG_ENABLE_MODULES = YES;
				CLANG_ENABLE_OBJC_ARC = YES;
				CLANG_ENABLE_OBJC_WEAK = YES;
				CLANG_WARN_BLOCK_CAPTURE_AUTORELEASING = YES;
				CLANG_WARN_BOOL_CONVERSION = YES;
				CLANG_WARN_COMMA = YES;
				CLANG_WARN_CONSTANT_CONVERSION = YES;
				CLANG_WARN_DEPRECATED_OBJC_IMPLEMENTATIONS = YES;
				CLANG_WARN_DIRECT_OBJC_ISA_USAGE = YES_ERROR;
				CLANG_WARN_DOCUMENTATION_COMMENTS = YES;
				CLANG_WARN_EMPTY_BODY = YES;
				CLANG_WARN_ENUM_CONVERSION = YES;
				CLANG_WARN_INFINITE_RECURSION = YES;
				CLANG_WARN_INT_CONVERSION = YES;
				CLANG_WARN_NON_LITERAL_NULL_CONVERSION = YES;
				CLANG_WARN_OBJC_IMPLICIT_RETAIN_SELF = YES;
				CLANG_WARN_OBJC_LITERAL_CONVERSION = YES;
				CLANG_WARN_OBJC_ROOT_CLASS = YES_ERROR;
				CLANG_WARN_RANGE_LOOP_ANALYSIS = YES;
				CLANG_WARN_STRICT_PROTOTYPES = YES;
				CLANG_WARN_SUSPICIOUS_MOVE = YES;
				CLANG_WARN_UNGUARDED_AVAILABILITY = YES_AGGRESSIVE;
				CLANG_WARN_UNREACHABLE_CODE = YES;
				CLANG_WARN__DUPLICATE_METHOD_MATCH = YES;
				CODE_SIGN_IDENTITY = "iPhone Developer";
				COPY_PHASE_STRIP = NO;
				DEBUG_INFORMATION_FORMAT = "dwarf-with-dsym";
				ENABLE_NS_ASSERTIONS = NO;
				ENABLE_STRICT_OBJC_MSGSEND = YES;
				GCC_C_LANGUAGE_STANDARD = gnu11;
				GCC_NO_COMMON_BLOCKS = YES;
				GCC_WARN_64_TO_32_BIT_CONVERSION = YES;
				GCC_WARN_ABOUT_RETURN_TYPE = YES_ERROR;
				GCC_WARN_UNDECLARED_SELECTOR = YES;
				GCC_WARN_UNINITIALIZED_AUTOS = YES_AGGRESSIVE;
				GCC_WARN_UNUSED_FUNCTION = YES;
				GCC_WARN_UNUSED_VARIABLE = YES;
				IPHONEOS_DEPLOYMENT_TARGET = 11.3;
				MTL_ENABLE_DEBUG_INFO = NO;
				SDKROOT = iphoneos;
				SWIFT_COMPILATION_MODE = wholemodule;
				SWIFT_OPTIMIZATION_LEVEL = "-O";
				VALIDATE_PRODUCT = YES;
			};
			name = Release;
		};
		15E458D220AC30C4000B55C1 /* Debug */ = {
			isa = XCBuildConfiguration;
			buildSettings = {
				ASSETCATALOG_COMPILER_APPICON_NAME = AppIcon;
				CODE_SIGN_STYLE = Automatic;
				INFOPLIST_FILE = trivia/Info.plist;
				LD_RUNPATH_SEARCH_PATHS = (
					"$(inherited)",
					"@executable_path/Frameworks",
				);
				PRODUCT_BUNDLE_IDENTIFIER = com.example.trivia;
				PRODUCT_NAME = "$(TARGET_NAME)";
				SWIFT_VERSION = 4.0;
				TARGETED_DEVICE_FAMILY = "1,2";
			};
			name = Debug;
		};
		15E458D320AC30C4000B55C1 /* Release */ = {
			isa = XCBuildConfiguration;
			buildSettings = {
				ASSETCATALOG_COMPILER_APPICON_NAME = AppIcon;
				CODE_SIGN_STYLE = Automatic;
				INFOPLIST_FILE = trivia/Info.plist;
				LD_RUNPATH_SEARCH_PATHS = (
					"$(inherited)",
					"@executable_path/Frameworks",
				);
				PRODUCT_BUNDLE_IDENTIFIER = com.example.trivia;
				PRODUCT_NAME = "$(TARGET_NAME)";
				SWIFT_VERSION = 4.0;
				TARGETED_DEVICE_FAMILY = "1,2";
			};
			name = Release;
		};
		15E458D520AC30C4000B55C1 /* Debug */ = {
			isa = XCBuildConfiguration;
			buildSettings = {
				ALWAYS_EMBED_SWIFT_STANDARD_LIBRARIES = YES;
				BUNDLE_LOADER = "$(TEST_HOST)";
				CODE_SIGN_STYLE = Automatic;
				INFOPLIST_FILE = triviaTests/Info.plist;
				LD_RUNPATH_SEARCH_PATHS = (
					"$(inherited)",
					"@executable_path/Frameworks",
					"@loader_path/Frameworks",
				);
				PRODUCT_BUNDLE_IDENTIFIER = com.example.triviaTests;
				PRODUCT_NAME = "$(TARGET_NAME)";
				SWIFT_VERSION = 4.0;
				TARGETED_DEVICE_FAMILY = "1,2";
				TEST_HOST = "$(BUILT_PRODUCTS_DIR)/trivia.app/trivia";
			};
			name = Debug;
		};
		15E458D620AC30C4000B55C1 /* Release */ = {
			isa = XCBuildConfiguration;
			buildSettings = {
				ALWAYS_EMBED_SWIFT_STANDARD_LIBRARIES = YES;
				BUNDLE_LOADER = "$(TEST_HOST)";
				CODE_SIGN_STYLE = Automatic;
				INFOPLIST_FILE = triviaTests/Info.plist;
				LD_RUNPATH_SEARCH_PATHS = (
					"$(inherited)",
					"@executable_path/Frameworks",
					"@loader_path/Frameworks",
				);
				PRODUCT_BUNDLE_IDENTIFIER = com.example.triviaTests;
				PRODUCT_NAME = "$(TARGET_NAME)";
				SWIFT_VERSION = 4.0;
				TARGETED_DEVICE_FAMILY = "1,2";
				TEST_HOST = "$(BUILT_PRODUCTS_DIR)/trivia.app/trivia";
			};
			name = Release;
		};
		15E458D820AC30C4000B55C1 /* Debug */ = {
			isa = XCBuildConfiguration;
			buildSettings = {
				ALWAYS_EMBED_SWIFT_STANDARD_LIBRARIES = YES;
				CODE_SIGN_STYLE = Automatic;
				INFOPLIST_FILE = triviaUITests/Info.plist;
				LD_RUNPATH_SEARCH_PATHS = (
					"$(inherited)",
					"@executable_path/Frameworks",
					"@loader_path/Frameworks",
				);
				PRODUCT_BUNDLE_IDENTIFIER = com.example.triviaUITests;
				PRODUCT_NAME = "$(TARGET_NAME)";
				SWIFT_VERSION = 4.0;
				TARGETED_DEVICE_FAMILY = "1,2";
				TEST_TARGET_NAME = trivia;
			};
			name = Debug;
		};
		15E458D920AC30C4000B55C1 /* Release */ = {
			isa = XCBuildConfiguration;
			buildSettings = {
				ALWAYS_EMBED_SWIFT_STANDARD_LIBRARIES = YES;
				CODE_SIGN_STYLE = Automatic;
				INFOPLIST_FILE = triviaUITests/Info.plist;
				LD_RUNPATH_SEARCH_PATHS = (
					"$(inherited)",
					"@executable_path/Frameworks",
					"@loader_path/Frameworks",
				);
				PRODUCT_BUNDLE_IDENTIFIER = com.example.triviaUITests;
				PRODUCT_NAME = "$(TARGET_NAME)";
				SWIFT_VERSION = 4.0;
				TARGETED_DEVICE_FAMILY = "1,2";
				TEST_TARGET_NAME = trivia;
			};
			name = Release;
		};
/* End XCBuildConfiguration section */

/* Begin XCConfigurationList section */
		15E458A420AC30C2000B55C1 /* Build configuration list for PBXProject "trivia" */ = {
			isa = XCConfigurationList;
			buildConfigurations = (
				15E458CF20AC30C4000B55C1 /* Debug */,
				15E458D020AC30C4000B55C1 /* Release */,
			);
			defaultConfigurationIsVisible = 0;
			defaultConfigurationName = Release;
		};
		15E458D120AC30C4000B55C1 /* Build configuration list for PBXNativeTarget "trivia" */ = {
			isa = XCConfigurationList;
			buildConfigurations = (
				15E458D220AC30C4000B55C1 /* Debug */,
				15E458D320AC30C4000B55C1 /* Release */,
			);
			defaultConfigurationIsVisible = 0;
			defaultConfigurationName = Release;
		};
		15E458D420AC30C4000B55C1 /* Build configuration list for PBXNativeTarget "triviaTests" */ = {
			isa = XCConfigurationList;
			buildConfigurations = (
				15E458D520AC30C4000B55C1 /* Debug */,
				15E458D620AC30C4000B55C1 /* Release */,
			);
			defaultConfigurationIsVisible = 0;
			defaultConfigurationName = Release;
		};
		15E458D720AC30C4000B55C1 /* Build configuration list for PBXNativeTarget "triviaUITests" */ = {
			isa = XCConfigurationList;
			buildConfigurations = (
				15E458D820AC30C4000B55C1 /* Debug */,
				15E458D920AC30C4000B55C1 /* Release */,
			);
			defaultConfigurationIsVisible = 0;
			defaultConfigurationName = Release;
		};
/* End XCConfigurationList section */
	};
	rootObject = 15E458A120AC30C2000B55C1 /* Project object */;
}
